
Microsoft Visual Studio Solution File, Format Version 12.00
# Visual Studio Version 17
VisualStudioVersion = 17.3.32901.215
MinimumVisualStudioVersion = 10.0.40219.1
Project("{FAE04EC0-301F-11D3-BF4B-00C04F79EFBC}") = "appNetMVC", "appNetMVC\appNetMVC.csproj", "{C3F50AA0-5246-461E-8120-2371A5167DB9}"
EndProject
Global
	GlobalSection(SolutionConfigurationPlatforms) = preSolution
		Debug|Any CPU = Debug|Any CPU
		Release|Any CPU = Release|Any CPU
	EndGlobalSection
	GlobalSection(ProjectConfigurationPlatforms) = postSolution
		{C3F50AA0-5246-461E-8120-2371A5167DB9}.Debug|Any CPU.ActiveCfg = Debug|Any CPU
		{C3F50AA0-5246-461E-8120-2371A5167DB9}.Debug|Any CPU.Build.0 = Debug|Any CPU
		{C3F50AA0-5246-461E-8120-2371A5167DB9}.Release|Any CPU.ActiveCfg = Release|Any CPU
		{C3F50AA0-5246-461E-8120-2371A5167DB9}.Release|Any CPU.Build.0 = Release|Any CPU
	EndGlobalSection
	GlobalSection(SolutionProperties) = preSolution
		HideSolutionNode = FALSE
	EndGlobalSection
	GlobalSection(ExtensibilityGlobals) = postSolution
		SolutionGuid = {1663D5D1-D23E-4EF4-926A-761DDB0B0C4A}
	EndGlobalSection
EndGlobal
